
Microsoft Visual Studio Solution File, Format Version 12.00
# Visual Studio 14
VisualStudioVersion = 14.0.25420.1
MinimumVisualStudioVersion = 10.0.40219.1
Project("{FAE04EC0-301F-11D3-BF4B-00C04F79EFBC}") = "CefSharp.MinimalExample.WinForms", "CefSharp.MinimalExample.WinForms\CefSharp.MinimalExample.WinForms.csproj", "{C043FFF7-5F71-4FFC-989A-E09E18548589}"
EndProject
Project("{FAE04EC0-301F-11D3-BF4B-00C04F79EFBC}") = "DownloadRepository", "DownloadRepository\DownloadRepository.csproj", "{01415EF2-645B-4547-B551-7EC5340FFEA7}"
EndProject
Project("{FAE04EC0-301F-11D3-BF4B-00C04F79EFBC}") = "Synopitc.CEF", "Synopitc.CEF\Synopitc.CEF.csproj", "{0BB05266-C70F-484F-8F14-1BF46F051BC3}"
EndProject
Project("{FAE04EC0-301F-11D3-BF4B-00C04F79EFBC}") = "Synoptic.CEF.Tests", "Synoptic.CEF.Tests\Synoptic.CEF.Tests.csproj", "{A1ED6821-9E38-401A-8EB4-717AC6BB25C7}"
EndProject
Project("{2150E333-8FDC-42A3-9474-1A3956D46DE8}") = "Programs.Repository", "Programs.Repository", "{E385AA31-D29C-44A2-A91D-A5C64C79D6DE}"
EndProject
Project("{FAE04EC0-301F-11D3-BF4B-00C04F79EFBC}") = "Programs.Repository", "Programs.Repository\Programs.Repository.csproj", "{9A6E1C79-55C3-4C5D-A022-14E5B6FB6786}"
EndProject
Project("{FAE04EC0-301F-11D3-BF4B-00C04F79EFBC}") = "UnitTest.Programs.Repository", "UnitTest.Programs.Repository\UnitTest.Programs.Repository.csproj", "{B12D3767-696C-4E01-A792-E750B2AF1F70}"
EndProject
Project("{2150E333-8FDC-42A3-9474-1A3956D46DE8}") = "Grains", "Grains", "{DECCD2F1-3A15-4C82-AD91-920C55749804}"
EndProject
Project("{FAE04EC0-301F-11D3-BF4B-00C04F79EFBC}") = "HelloGrainInterfaces", "HelloGrainInterfaces\HelloGrainInterfaces.csproj", "{76714E87-0EC9-40B7-8D6A-93795886997B}"
EndProject
Project("{FAE04EC0-301F-11D3-BF4B-00C04F79EFBC}") = "HelloGrains", "HelloGrains\HelloGrains.csproj", "{C51265C4-DF6A-46A3-9B24-3FB0F31A8E5A}"
EndProject
Global
	GlobalSection(SolutionConfigurationPlatforms) = preSolution
		Debug|Any CPU = Debug|Any CPU
		Debug|x64 = Debug|x64
		Debug|x86 = Debug|x86
		Release|Any CPU = Release|Any CPU
		Release|x64 = Release|x64
		Release|x86 = Release|x86
	EndGlobalSection
	GlobalSection(ProjectConfigurationPlatforms) = postSolution
		{C043FFF7-5F71-4FFC-989A-E09E18548589}.Debug|Any CPU.ActiveCfg = Debug|x86
		{C043FFF7-5F71-4FFC-989A-E09E18548589}.Debug|x64.ActiveCfg = Debug|x64
		{C043FFF7-5F71-4FFC-989A-E09E18548589}.Debug|x64.Build.0 = Debug|x64
		{C043FFF7-5F71-4FFC-989A-E09E18548589}.Debug|x86.ActiveCfg = Debug|x86
		{C043FFF7-5F71-4FFC-989A-E09E18548589}.Debug|x86.Build.0 = Debug|x86
		{C043FFF7-5F71-4FFC-989A-E09E18548589}.Release|Any CPU.ActiveCfg = Release|x86
		{C043FFF7-5F71-4FFC-989A-E09E18548589}.Release|x64.ActiveCfg = Release|x64
		{C043FFF7-5F71-4FFC-989A-E09E18548589}.Release|x64.Build.0 = Release|x64
		{C043FFF7-5F71-4FFC-989A-E09E18548589}.Release|x86.ActiveCfg = Release|x86
		{C043FFF7-5F71-4FFC-989A-E09E18548589}.Release|x86.Build.0 = Release|x86
		{01415EF2-645B-4547-B551-7EC5340FFEA7}.Debug|Any CPU.ActiveCfg = Debug|x86
		{01415EF2-645B-4547-B551-7EC5340FFEA7}.Debug|x64.ActiveCfg = Debug|x64
		{01415EF2-645B-4547-B551-7EC5340FFEA7}.Debug|x64.Build.0 = Debug|x64
		{01415EF2-645B-4547-B551-7EC5340FFEA7}.Debug|x86.ActiveCfg = Debug|x86
		{01415EF2-645B-4547-B551-7EC5340FFEA7}.Debug|x86.Build.0 = Debug|x86
		{01415EF2-645B-4547-B551-7EC5340FFEA7}.Release|Any CPU.ActiveCfg = Release|x86
		{01415EF2-645B-4547-B551-7EC5340FFEA7}.Release|x64.ActiveCfg = Release|x64
		{01415EF2-645B-4547-B551-7EC5340FFEA7}.Release|x64.Build.0 = Release|x64
		{01415EF2-645B-4547-B551-7EC5340FFEA7}.Release|x86.ActiveCfg = Release|x86
		{01415EF2-645B-4547-B551-7EC5340FFEA7}.Release|x86.Build.0 = Release|x86
		{0BB05266-C70F-484F-8F14-1BF46F051BC3}.Debug|Any CPU.ActiveCfg = Debug|x86
		{0BB05266-C70F-484F-8F14-1BF46F051BC3}.Debug|x64.ActiveCfg = Debug|x64
		{0BB05266-C70F-484F-8F14-1BF46F051BC3}.Debug|x64.Build.0 = Debug|x64
		{0BB05266-C70F-484F-8F14-1BF46F051BC3}.Debug|x86.ActiveCfg = Debug|x86
		{0BB05266-C70F-484F-8F14-1BF46F051BC3}.Debug|x86.Build.0 = Debug|x86
		{0BB05266-C70F-484F-8F14-1BF46F051BC3}.Release|Any CPU.ActiveCfg = Release|x86
		{0BB05266-C70F-484F-8F14-1BF46F051BC3}.Release|x64.ActiveCfg = Release|x64
		{0BB05266-C70F-484F-8F14-1BF46F051BC3}.Release|x64.Build.0 = Release|x64
		{0BB05266-C70F-484F-8F14-1BF46F051BC3}.Release|x86.ActiveCfg = Release|x86
		{0BB05266-C70F-484F-8F14-1BF46F051BC3}.Release|x86.Build.0 = Release|x86
		{A1ED6821-9E38-401A-8EB4-717AC6BB25C7}.Debug|Any CPU.ActiveCfg = Debug|x86
		{A1ED6821-9E38-401A-8EB4-717AC6BB25C7}.Debug|x64.ActiveCfg = Debug|x64
		{A1ED6821-9E38-401A-8EB4-717AC6BB25C7}.Debug|x64.Build.0 = Debug|x64
		{A1ED6821-9E38-401A-8EB4-717AC6BB25C7}.Debug|x86.ActiveCfg = Debug|x86
		{A1ED6821-9E38-401A-8EB4-717AC6BB25C7}.Debug|x86.Build.0 = Debug|x86
		{A1ED6821-9E38-401A-8EB4-717AC6BB25C7}.Release|Any CPU.ActiveCfg = Release|x86
		{A1ED6821-9E38-401A-8EB4-717AC6BB25C7}.Release|x64.ActiveCfg = Release|x64
		{A1ED6821-9E38-401A-8EB4-717AC6BB25C7}.Release|x64.Build.0 = Release|x64
		{A1ED6821-9E38-401A-8EB4-717AC6BB25C7}.Release|x86.ActiveCfg = Release|x86
		{A1ED6821-9E38-401A-8EB4-717AC6BB25C7}.Release|x86.Build.0 = Release|x86
		{9A6E1C79-55C3-4C5D-A022-14E5B6FB6786}.Debug|Any CPU.ActiveCfg = Debug|x86
		{9A6E1C79-55C3-4C5D-A022-14E5B6FB6786}.Debug|x64.ActiveCfg = Debug|x64
		{9A6E1C79-55C3-4C5D-A022-14E5B6FB6786}.Debug|x64.Build.0 = Debug|x64
		{9A6E1C79-55C3-4C5D-A022-14E5B6FB6786}.Debug|x86.ActiveCfg = Debug|x86
		{9A6E1C79-55C3-4C5D-A022-14E5B6FB6786}.Debug|x86.Build.0 = Debug|x86
		{9A6E1C79-55C3-4C5D-A022-14E5B6FB6786}.Release|Any CPU.ActiveCfg = Release|x86
		{9A6E1C79-55C3-4C5D-A022-14E5B6FB6786}.Release|x64.ActiveCfg = Release|x64
		{9A6E1C79-55C3-4C5D-A022-14E5B6FB6786}.Release|x64.Build.0 = Release|x64
		{9A6E1C79-55C3-4C5D-A022-14E5B6FB6786}.Release|x86.ActiveCfg = Release|x86
		{9A6E1C79-55C3-4C5D-A022-14E5B6FB6786}.Release|x86.Build.0 = Release|x86
		{B12D3767-696C-4E01-A792-E750B2AF1F70}.Debug|Any CPU.ActiveCfg = Debug|x86
		{B12D3767-696C-4E01-A792-E750B2AF1F70}.Debug|x64.ActiveCfg = Debug|x64
		{B12D3767-696C-4E01-A792-E750B2AF1F70}.Debug|x64.Build.0 = Debug|x64
		{B12D3767-696C-4E01-A792-E750B2AF1F70}.Debug|x86.ActiveCfg = Debug|x86
		{B12D3767-696C-4E01-A792-E750B2AF1F70}.Debug|x86.Build.0 = Debug|x86
		{B12D3767-696C-4E01-A792-E750B2AF1F70}.Release|Any CPU.ActiveCfg = Release|x86
		{B12D3767-696C-4E01-A792-E750B2AF1F70}.Release|x64.ActiveCfg = Release|x64
		{B12D3767-696C-4E01-A792-E750B2AF1F70}.Release|x64.Build.0 = Release|x64
		{B12D3767-696C-4E01-A792-E750B2AF1F70}.Release|x86.ActiveCfg = Release|x86
		{B12D3767-696C-4E01-A792-E750B2AF1F70}.Release|x86.Build.0 = Release|x86
		{76714E87-0EC9-40B7-8D6A-93795886997B}.Debug|Any CPU.ActiveCfg = Debug|Any CPU
		{76714E87-0EC9-40B7-8D6A-93795886997B}.Debug|Any CPU.Build.0 = Debug|Any CPU
		{76714E87-0EC9-40B7-8D6A-93795886997B}.Debug|x64.ActiveCfg = Debug|Any CPU
		{76714E87-0EC9-40B7-8D6A-93795886997B}.Debug|x64.Build.0 = Debug|Any CPU
		{76714E87-0EC9-40B7-8D6A-93795886997B}.Debug|x86.ActiveCfg = Debug|Any CPU
		{76714E87-0EC9-40B7-8D6A-93795886997B}.Debug|x86.Build.0 = Debug|Any CPU
		{76714E87-0EC9-40B7-8D6A-93795886997B}.Release|Any CPU.ActiveCfg = Release|Any CPU
		{76714E87-0EC9-40B7-8D6A-93795886997B}.Release|Any CPU.Build.0 = Release|Any CPU
		{76714E87-0EC9-40B7-8D6A-93795886997B}.Release|x64.ActiveCfg = Release|Any CPU
		{76714E87-0EC9-40B7-8D6A-93795886997B}.Release|x64.Build.0 = Release|Any CPU
		{76714E87-0EC9-40B7-8D6A-93795886997B}.Release|x86.ActiveCfg = Release|Any CPU
		{76714E87-0EC9-40B7-8D6A-93795886997B}.Release|x86.Build.0 = Release|Any CPU
		{C51265C4-DF6A-46A3-9B24-3FB0F31A8E5A}.Debug|Any CPU.ActiveCfg = Debug|Any CPU
		{C51265C4-DF6A-46A3-9B24-3FB0F31A8E5A}.Debug|Any CPU.Build.0 = Debug|Any CPU
		{C51265C4-DF6A-46A3-9B24-3FB0F31A8E5A}.Debug|x64.ActiveCfg = Debug|Any CPU
		{C51265C4-DF6A-46A3-9B24-3FB0F31A8E5A}.Debug|x64.Build.0 = Debug|Any CPU
		{C51265C4-DF6A-46A3-9B24-3FB0F31A8E5A}.Debug|x86.ActiveCfg = Debug|Any CPU
		{C51265C4-DF6A-46A3-9B24-3FB0F31A8E5A}.Debug|x86.Build.0 = Debug|Any CPU
		{C51265C4-DF6A-46A3-9B24-3FB0F31A8E5A}.Release|Any CPU.ActiveCfg = Release|Any CPU
		{C51265C4-DF6A-46A3-9B24-3FB0F31A8E5A}.Release|Any CPU.Build.0 = Release|Any CPU
		{C51265C4-DF6A-46A3-9B24-3FB0F31A8E5A}.Release|x64.ActiveCfg = Release|Any CPU
		{C51265C4-DF6A-46A3-9B24-3FB0F31A8E5A}.Release|x64.Build.0 = Release|Any CPU
		{C51265C4-DF6A-46A3-9B24-3FB0F31A8E5A}.Release|x86.ActiveCfg = Release|Any CPU
		{C51265C4-DF6A-46A3-9B24-3FB0F31A8E5A}.Release|x86.Build.0 = Release|Any CPU
	EndGlobalSection
	GlobalSection(SolutionProperties) = preSolution
		HideSolutionNode = FALSE
	EndGlobalSection
	GlobalSection(NestedProjects) = preSolution
		{9A6E1C79-55C3-4C5D-A022-14E5B6FB6786} = {E385AA31-D29C-44A2-A91D-A5C64C79D6DE}
		{B12D3767-696C-4E01-A792-E750B2AF1F70} = {E385AA31-D29C-44A2-A91D-A5C64C79D6DE}
		{76714E87-0EC9-40B7-8D6A-93795886997B} = {DECCD2F1-3A15-4C82-AD91-920C55749804}
		{C51265C4-DF6A-46A3-9B24-3FB0F31A8E5A} = {DECCD2F1-3A15-4C82-AD91-920C55749804}
	EndGlobalSection
EndGlobal
